// !$*UTF8*$!
{
	archiveVersion = 1;
	classes = {
	};
	objectVersion = 55;
	objects = {

/* Begin PBXBuildFile section */
		CD0F621828A67A35001F8CD8 /* Factory in Frameworks */ = {isa = PBXBuildFile; productRef = CD0F621728A67A35001F8CD8 /* Factory */; };
		CD0F621B28A67CDA001F8CD8 /* UIContainer.swift in Sources */ = {isa = PBXBuildFile; fileRef = CD0F621A28A67CDA001F8CD8 /* UIContainer.swift */; };
		CD0F621D28A67D51001F8CD8 /* DomainContainer.swift in Sources */ = {isa = PBXBuildFile; fileRef = CD0F621C28A67D51001F8CD8 /* DomainContainer.swift */; };
		CD0F621F28A67D5C001F8CD8 /* DataContainer.swift in Sources */ = {isa = PBXBuildFile; fileRef = CD0F621E28A67D5C001F8CD8 /* DataContainer.swift */; };
		CD2FC9E128A03CA600F1424F /* ContributionMetrics.swift in Sources */ = {isa = PBXBuildFile; fileRef = CD2FC9E028A03CA600F1424F /* ContributionMetrics.swift */; };
		CD2FC9E428A03D5200F1424F /* GetContributionMetricsUseCase.swift in Sources */ = {isa = PBXBuildFile; fileRef = CD2FC9E328A03D5200F1424F /* GetContributionMetricsUseCase.swift */; };
		CD3052D928B59306000BE787 /* Answer.swift in Sources */ = {isa = PBXBuildFile; fileRef = CD3052D828B59306000BE787 /* Answer.swift */; };
		CD49109128BCDA1E00D1A421 /* ViewModelState.swift in Sources */ = {isa = PBXBuildFile; fileRef = CD49109028BCDA1E00D1A421 /* ViewModelState.swift */; };
		CD49109328BCDDBE00D1A421 /* GetContributionDetailsUseCase.swift in Sources */ = {isa = PBXBuildFile; fileRef = CD49109228BCDDBE00D1A421 /* GetContributionDetailsUseCase.swift */; };
		CD49109528BCDECA00D1A421 /* ContributionDetailsRepository.swift in Sources */ = {isa = PBXBuildFile; fileRef = CD49109428BCDECA00D1A421 /* ContributionDetailsRepository.swift */; };
		CD49109728BCDF0100D1A421 /* DefaultContributionDetailsRepository.swift in Sources */ = {isa = PBXBuildFile; fileRef = CD49109628BCDF0100D1A421 /* DefaultContributionDetailsRepository.swift */; };
		CD51271A28BC108100E93508 /* Contribution+Init.swift in Sources */ = {isa = PBXBuildFile; fileRef = CD51271928BC108100E93508 /* Contribution+Init.swift */; };
		CD53600828A18DFD00B4EEE6 /* AddEditContributionViewModel.swift in Sources */ = {isa = PBXBuildFile; fileRef = CD53600728A18DFD00B4EEE6 /* AddEditContributionViewModel.swift */; };
		CD53600A28A196AD00B4EEE6 /* UpdateNoteUseCase.swift in Sources */ = {isa = PBXBuildFile; fileRef = CD53600928A196AD00B4EEE6 /* UpdateNoteUseCase.swift */; };
		CD53600D28A2AFAD00B4EEE6 /* LaunchSideEffect.swift in Sources */ = {isa = PBXBuildFile; fileRef = CD53600C28A2AFAD00B4EEE6 /* LaunchSideEffect.swift */; };
		CD53601028A3049100B4EEE6 /* AddEditContributionViewModelTests.swift in Sources */ = {isa = PBXBuildFile; fileRef = CD53600E28A2F24400B4EEE6 /* AddEditContributionViewModelTests.swift */; };
		CD538B4C2860C5C0004BA280 /* ContributionGraphApp.swift in Sources */ = {isa = PBXBuildFile; fileRef = CD538B4B2860C5C0004BA280 /* ContributionGraphApp.swift */; };
		CD538B4E2860C5C0004BA280 /* ContentView.swift in Sources */ = {isa = PBXBuildFile; fileRef = CD538B4D2860C5C0004BA280 /* ContentView.swift */; };
		CD538B502860C5C3004BA280 /* Assets.xcassets in Resources */ = {isa = PBXBuildFile; fileRef = CD538B4F2860C5C3004BA280 /* Assets.xcassets */; };
		CD538B532860C5C3004BA280 /* Preview Assets.xcassets in Resources */ = {isa = PBXBuildFile; fileRef = CD538B522860C5C3004BA280 /* Preview Assets.xcassets */; };
		CD602BC728BE196800E1A63C /* ContributionDetailsMapper.swift in Sources */ = {isa = PBXBuildFile; fileRef = CD602BC628BE196800E1A63C /* ContributionDetailsMapper.swift */; };
		CD602BC928BE1C2200E1A63C /* ContributionNoteMapper.swift in Sources */ = {isa = PBXBuildFile; fileRef = CD602BC828BE1C2200E1A63C /* ContributionNoteMapper.swift */; };
		CD602BCB28BE368B00E1A63C /* ViewModelState+Equatable.swift in Sources */ = {isa = PBXBuildFile; fileRef = CD602BCA28BE368B00E1A63C /* ViewModelState+Equatable.swift */; };
		CD602BCF28BEB6B800E1A63C /* DefaultContributionDetailsRepositoryTests.swift in Sources */ = {isa = PBXBuildFile; fileRef = CD602BCE28BEB6B800E1A63C /* DefaultContributionDetailsRepositoryTests.swift */; };
		CD64EAB128BA568000DA2B1E /* UpdateNoteUseCaseTests.swift in Sources */ = {isa = PBXBuildFile; fileRef = CD64EAB028BA568000DA2B1E /* UpdateNoteUseCaseTests.swift */; };
		CD64EAB328BA5D0D00DA2B1E /* GetContributionUseCaseTests.swift in Sources */ = {isa = PBXBuildFile; fileRef = CD64EAB228BA5D0D00DA2B1E /* GetContributionUseCaseTests.swift */; };
		CD64EAB628BA617B00DA2B1E /* DefaultContributionRepositoryTests.swift in Sources */ = {isa = PBXBuildFile; fileRef = CD64EAB528BA617B00DA2B1E /* DefaultContributionRepositoryTests.swift */; };
		CD728B1C2866602300221B6E /* UIColor+Init.swift in Sources */ = {isa = PBXBuildFile; fileRef = CD728B1B2866602300221B6E /* UIColor+Init.swift */; };
		CD728B1E2866623800221B6E /* Color+Init.swift in Sources */ = {isa = PBXBuildFile; fileRef = CD728B1D2866623800221B6E /* Color+Init.swift */; };
		CD728B202866625C00221B6E /* View+foregroundColor.swift in Sources */ = {isa = PBXBuildFile; fileRef = CD728B1F2866625C00221B6E /* View+foregroundColor.swift */; };
		CD84C1EA28C258C100165C0F /* ContributionNote+Init.swift in Sources */ = {isa = PBXBuildFile; fileRef = CD84C1E928C258C100165C0F /* ContributionNote+Init.swift */; };
		CD84C1EF28C28F4E00165C0F /* ErrorView.swift in Sources */ = {isa = PBXBuildFile; fileRef = CD84C1EE28C28F4E00165C0F /* ErrorView.swift */; };
		CD84C1F228C290F000165C0F /* ContributionView.swift in Sources */ = {isa = PBXBuildFile; fileRef = CD84C1F128C290F000165C0F /* ContributionView.swift */; };
		CD8D9DA828C5320C00DF9A6E /* GeneratedMocks.swift in Sources */ = {isa = PBXBuildFile; fileRef = CD8D9DA728C5320C00DF9A6E /* GeneratedMocks.swift */; };
		CD9BF704289C231700F75DE6 /* ContributionViewModelTests.swift in Sources */ = {isa = PBXBuildFile; fileRef = CD9BF703289C231700F75DE6 /* ContributionViewModelTests.swift */; };
		CD9BF70E289C262600F75DE6 /* ContributionRepository.swift in Sources */ = {isa = PBXBuildFile; fileRef = CD9BF70D289C262600F75DE6 /* ContributionRepository.swift */; };
		CD9BF714289D6F5000F75DE6 /* XCTestCase+Await.swift in Sources */ = {isa = PBXBuildFile; fileRef = CD9BF712289D6E6E00F75DE6 /* XCTestCase+Await.swift */; };
		CD9BF715289D6F5A00F75DE6 /* TestError.swift in Sources */ = {isa = PBXBuildFile; fileRef = CD9BF70F289D6A9100F75DE6 /* TestError.swift */; };
		CD9BF71A289D9F2D00F75DE6 /* GetContributionUseCase.swift in Sources */ = {isa = PBXBuildFile; fileRef = CD9BF719289D9F2D00F75DE6 /* GetContributionUseCase.swift */; };
		CD9BF71C289D9F5000F75DE6 /* GetContributionSettingsUseCase.swift in Sources */ = {isa = PBXBuildFile; fileRef = CD9BF71B289D9F5000F75DE6 /* GetContributionSettingsUseCase.swift */; };
		CD9BF71E289DA11400F75DE6 /* ContributionSettings.swift in Sources */ = {isa = PBXBuildFile; fileRef = CD9BF71D289DA11400F75DE6 /* ContributionSettings.swift */; };
		CD9BF720289DA1AB00F75DE6 /* SetContributionSettingsUseCase.swift in Sources */ = {isa = PBXBuildFile; fileRef = CD9BF71F289DA1AB00F75DE6 /* SetContributionSettingsUseCase.swift */; };
		CD9BF726289EB2BA00F75DE6 /* ContributionItem+Equatable.swift in Sources */ = {isa = PBXBuildFile; fileRef = CD9BF725289EB2BA00F75DE6 /* ContributionItem+Equatable.swift */; };
		CD9BF728289EB2D200F75DE6 /* ContributionSettings+Equatable.swift in Sources */ = {isa = PBXBuildFile; fileRef = CD9BF727289EB2D200F75DE6 /* ContributionSettings+Equatable.swift */; };
		CD9BF72A289EB34600F75DE6 /* ContributionViewModelData+Equatable.swift in Sources */ = {isa = PBXBuildFile; fileRef = CD9BF729289EB34600F75DE6 /* ContributionViewModelData+Equatable.swift */; };
		CD9D1D5828B92CEB0023A8D1 /* PlatformContainer.swift in Sources */ = {isa = PBXBuildFile; fileRef = CD9D1D5728B92CEB0023A8D1 /* PlatformContainer.swift */; };
		CDBC5B3428AC3146006CD13D /* DefaultStorage.swift in Sources */ = {isa = PBXBuildFile; fileRef = CDBC5B3328AC3146006CD13D /* DefaultStorage.swift */; };
		CDBC5B3728AC3159006CD13D /* Storage.swift in Sources */ = {isa = PBXBuildFile; fileRef = CDBC5B3628AC3159006CD13D /* Storage.swift */; };
		CDBC5B4E28AC5D46006CD13D /* ContributionMapper.swift in Sources */ = {isa = PBXBuildFile; fileRef = CDBC5B4D28AC5D46006CD13D /* ContributionMapper.swift */; };
		CDC48E5B2891B7360062ADE7 /* AddEditContributionView.swift in Sources */ = {isa = PBXBuildFile; fileRef = CDC48E5A2891B7360062ADE7 /* AddEditContributionView.swift */; };
		CDC5BE5F2869D4DD00D035FA /* ContributionGraphView.swift in Sources */ = {isa = PBXBuildFile; fileRef = CDC5BE5E2869D4DD00D035FA /* ContributionGraphView.swift */; };
		CDC5BE682869DA3E00D035FA /* Date+Utils.swift in Sources */ = {isa = PBXBuildFile; fileRef = CDC5BE672869DA3E00D035FA /* Date+Utils.swift */; };
		CDC5BE6B2869DA8900D035FA /* DefaultContributionRepository.swift in Sources */ = {isa = PBXBuildFile; fileRef = CDC5BE6A2869DA8900D035FA /* DefaultContributionRepository.swift */; };
		CDC5BE6E2869EECF00D035FA /* ContributionViewModel.swift in Sources */ = {isa = PBXBuildFile; fileRef = CDC5BE6D2869EECF00D035FA /* ContributionViewModel.swift */; };
		CDC5BE722869F0AB00D035FA /* Contribution.swift in Sources */ = {isa = PBXBuildFile; fileRef = CDC5BE712869F0AB00D035FA /* Contribution.swift */; };
		CDC5BE742869F45400D035FA /* View+Alert.swift in Sources */ = {isa = PBXBuildFile; fileRef = CDC5BE732869F45400D035FA /* View+Alert.swift */; };
		CDD3A0F52868BA3500878A09 /* ContributionModel.xcdatamodeld in Sources */ = {isa = PBXBuildFile; fileRef = CDD3A0F32868BA3500878A09 /* ContributionModel.xcdatamodeld */; };
		CDD3A0F7286906E400878A09 /* View+isHidden.swift in Sources */ = {isa = PBXBuildFile; fileRef = CDD3A0F6286906E400878A09 /* View+isHidden.swift */; };
/* End PBXBuildFile section */

/* Begin PBXContainerItemProxy section */
		CD9BF705289C231700F75DE6 /* PBXContainerItemProxy */ = {
			isa = PBXContainerItemProxy;
			containerPortal = CD538B402860C5C0004BA280 /* Project object */;
			proxyType = 1;
			remoteGlobalIDString = CD538B472860C5C0004BA280;
			remoteInfo = ContributionGraph;
		};
/* End PBXContainerItemProxy section */

/* Begin PBXFileReference section */
		CD0F621A28A67CDA001F8CD8 /* UIContainer.swift */ = {isa = PBXFileReference; lastKnownFileType = sourcecode.swift; path = UIContainer.swift; sourceTree = "<group>"; };
		CD0F621C28A67D51001F8CD8 /* DomainContainer.swift */ = {isa = PBXFileReference; lastKnownFileType = sourcecode.swift; path = DomainContainer.swift; sourceTree = "<group>"; };
		CD0F621E28A67D5C001F8CD8 /* DataContainer.swift */ = {isa = PBXFileReference; lastKnownFileType = sourcecode.swift; path = DataContainer.swift; sourceTree = "<group>"; };
		CD2FC9E028A03CA600F1424F /* ContributionMetrics.swift */ = {isa = PBXFileReference; lastKnownFileType = sourcecode.swift; path = ContributionMetrics.swift; sourceTree = "<group>"; };
		CD2FC9E328A03D5200F1424F /* GetContributionMetricsUseCase.swift */ = {isa = PBXFileReference; lastKnownFileType = sourcecode.swift; path = GetContributionMetricsUseCase.swift; sourceTree = "<group>"; };
		CD3052D828B59306000BE787 /* Answer.swift */ = {isa = PBXFileReference; lastKnownFileType = sourcecode.swift; path = Answer.swift; sourceTree = "<group>"; };
		CD49109028BCDA1E00D1A421 /* ViewModelState.swift */ = {isa = PBXFileReference; lastKnownFileType = sourcecode.swift; path = ViewModelState.swift; sourceTree = "<group>"; };
		CD49109228BCDDBE00D1A421 /* GetContributionDetailsUseCase.swift */ = {isa = PBXFileReference; lastKnownFileType = sourcecode.swift; path = GetContributionDetailsUseCase.swift; sourceTree = "<group>"; };
		CD49109428BCDECA00D1A421 /* ContributionDetailsRepository.swift */ = {isa = PBXFileReference; lastKnownFileType = sourcecode.swift; path = ContributionDetailsRepository.swift; sourceTree = "<group>"; };
		CD49109628BCDF0100D1A421 /* DefaultContributionDetailsRepository.swift */ = {isa = PBXFileReference; lastKnownFileType = sourcecode.swift; path = DefaultContributionDetailsRepository.swift; sourceTree = "<group>"; };
		CD51271928BC108100E93508 /* Contribution+Init.swift */ = {isa = PBXFileReference; lastKnownFileType = sourcecode.swift; path = "Contribution+Init.swift"; sourceTree = "<group>"; };
		CD53600728A18DFD00B4EEE6 /* AddEditContributionViewModel.swift */ = {isa = PBXFileReference; lastKnownFileType = sourcecode.swift; path = AddEditContributionViewModel.swift; sourceTree = "<group>"; };
		CD53600928A196AD00B4EEE6 /* UpdateNoteUseCase.swift */ = {isa = PBXFileReference; lastKnownFileType = sourcecode.swift; path = UpdateNoteUseCase.swift; sourceTree = "<group>"; };
		CD53600C28A2AFAD00B4EEE6 /* LaunchSideEffect.swift */ = {isa = PBXFileReference; lastKnownFileType = sourcecode.swift; path = LaunchSideEffect.swift; sourceTree = "<group>"; };
		CD53600E28A2F24400B4EEE6 /* AddEditContributionViewModelTests.swift */ = {isa = PBXFileReference; lastKnownFileType = sourcecode.swift; path = AddEditContributionViewModelTests.swift; sourceTree = "<group>"; };
		CD538B482860C5C0004BA280 /* ContributionGraph.app */ = {isa = PBXFileReference; explicitFileType = wrapper.application; includeInIndex = 0; path = ContributionGraph.app; sourceTree = BUILT_PRODUCTS_DIR; };
		CD538B4B2860C5C0004BA280 /* ContributionGraphApp.swift */ = {isa = PBXFileReference; lastKnownFileType = sourcecode.swift; path = ContributionGraphApp.swift; sourceTree = "<group>"; };
		CD538B4D2860C5C0004BA280 /* ContentView.swift */ = {isa = PBXFileReference; lastKnownFileType = sourcecode.swift; path = ContentView.swift; sourceTree = "<group>"; };
		CD538B4F2860C5C3004BA280 /* Assets.xcassets */ = {isa = PBXFileReference; lastKnownFileType = folder.assetcatalog; path = Assets.xcassets; sourceTree = "<group>"; };
		CD538B522860C5C3004BA280 /* Preview Assets.xcassets */ = {isa = PBXFileReference; lastKnownFileType = folder.assetcatalog; path = "Preview Assets.xcassets"; sourceTree = "<group>"; };
		CD602BC628BE196800E1A63C /* ContributionDetailsMapper.swift */ = {isa = PBXFileReference; lastKnownFileType = sourcecode.swift; path = ContributionDetailsMapper.swift; sourceTree = "<group>"; };
		CD602BC828BE1C2200E1A63C /* ContributionNoteMapper.swift */ = {isa = PBXFileReference; lastKnownFileType = sourcecode.swift; path = ContributionNoteMapper.swift; sourceTree = "<group>"; };
		CD602BCA28BE368B00E1A63C /* ViewModelState+Equatable.swift */ = {isa = PBXFileReference; lastKnownFileType = sourcecode.swift; path = "ViewModelState+Equatable.swift"; sourceTree = "<group>"; };
		CD602BCE28BEB6B800E1A63C /* DefaultContributionDetailsRepositoryTests.swift */ = {isa = PBXFileReference; lastKnownFileType = sourcecode.swift; path = DefaultContributionDetailsRepositoryTests.swift; sourceTree = "<group>"; };
		CD64EAB028BA568000DA2B1E /* UpdateNoteUseCaseTests.swift */ = {isa = PBXFileReference; lastKnownFileType = sourcecode.swift; path = UpdateNoteUseCaseTests.swift; sourceTree = "<group>"; };
		CD64EAB228BA5D0D00DA2B1E /* GetContributionUseCaseTests.swift */ = {isa = PBXFileReference; lastKnownFileType = sourcecode.swift; path = GetContributionUseCaseTests.swift; sourceTree = "<group>"; };
		CD64EAB528BA617B00DA2B1E /* DefaultContributionRepositoryTests.swift */ = {isa = PBXFileReference; lastKnownFileType = sourcecode.swift; name = DefaultContributionRepositoryTests.swift; path = ContributionGraphTests/Data/DefaultContributionRepositoryTests.swift; sourceTree = SOURCE_ROOT; };
		CD728B1B2866602300221B6E /* UIColor+Init.swift */ = {isa = PBXFileReference; lastKnownFileType = sourcecode.swift; path = "UIColor+Init.swift"; sourceTree = "<group>"; };
		CD728B1D2866623800221B6E /* Color+Init.swift */ = {isa = PBXFileReference; lastKnownFileType = sourcecode.swift; path = "Color+Init.swift"; sourceTree = "<group>"; };
		CD728B1F2866625C00221B6E /* View+foregroundColor.swift */ = {isa = PBXFileReference; lastKnownFileType = sourcecode.swift; path = "View+foregroundColor.swift"; sourceTree = "<group>"; };
		CD84C1E928C258C100165C0F /* ContributionNote+Init.swift */ = {isa = PBXFileReference; lastKnownFileType = sourcecode.swift; path = "ContributionNote+Init.swift"; sourceTree = "<group>"; };
		CD84C1EE28C28F4E00165C0F /* ErrorView.swift */ = {isa = PBXFileReference; lastKnownFileType = sourcecode.swift; path = ErrorView.swift; sourceTree = "<group>"; };
		CD84C1F128C290F000165C0F /* ContributionView.swift */ = {isa = PBXFileReference; lastKnownFileType = sourcecode.swift; path = ContributionView.swift; sourceTree = "<group>"; };
		CD8D9DA728C5320C00DF9A6E /* GeneratedMocks.swift */ = {isa = PBXFileReference; fileEncoding = 4; lastKnownFileType = sourcecode.swift; path = GeneratedMocks.swift; sourceTree = "<group>"; };
		CD9BF701289C231700F75DE6 /* ContributionGraphTests.xctest */ = {isa = PBXFileReference; explicitFileType = wrapper.cfbundle; includeInIndex = 0; path = ContributionGraphTests.xctest; sourceTree = BUILT_PRODUCTS_DIR; };
		CD9BF703289C231700F75DE6 /* ContributionViewModelTests.swift */ = {isa = PBXFileReference; lastKnownFileType = sourcecode.swift; path = ContributionViewModelTests.swift; sourceTree = "<group>"; };
		CD9BF70D289C262600F75DE6 /* ContributionRepository.swift */ = {isa = PBXFileReference; lastKnownFileType = sourcecode.swift; path = ContributionRepository.swift; sourceTree = "<group>"; };
		CD9BF70F289D6A9100F75DE6 /* TestError.swift */ = {isa = PBXFileReference; lastKnownFileType = sourcecode.swift; path = TestError.swift; sourceTree = "<group>"; };
		CD9BF712289D6E6E00F75DE6 /* XCTestCase+Await.swift */ = {isa = PBXFileReference; lastKnownFileType = sourcecode.swift; path = "XCTestCase+Await.swift"; sourceTree = "<group>"; };
		CD9BF719289D9F2D00F75DE6 /* GetContributionUseCase.swift */ = {isa = PBXFileReference; lastKnownFileType = sourcecode.swift; path = GetContributionUseCase.swift; sourceTree = "<group>"; };
		CD9BF71B289D9F5000F75DE6 /* GetContributionSettingsUseCase.swift */ = {isa = PBXFileReference; lastKnownFileType = sourcecode.swift; path = GetContributionSettingsUseCase.swift; sourceTree = "<group>"; };
		CD9BF71D289DA11400F75DE6 /* ContributionSettings.swift */ = {isa = PBXFileReference; lastKnownFileType = sourcecode.swift; path = ContributionSettings.swift; sourceTree = "<group>"; };
		CD9BF71F289DA1AB00F75DE6 /* SetContributionSettingsUseCase.swift */ = {isa = PBXFileReference; lastKnownFileType = sourcecode.swift; path = SetContributionSettingsUseCase.swift; sourceTree = "<group>"; };
		CD9BF725289EB2BA00F75DE6 /* ContributionItem+Equatable.swift */ = {isa = PBXFileReference; lastKnownFileType = sourcecode.swift; path = "ContributionItem+Equatable.swift"; sourceTree = "<group>"; };
		CD9BF727289EB2D200F75DE6 /* ContributionSettings+Equatable.swift */ = {isa = PBXFileReference; lastKnownFileType = sourcecode.swift; path = "ContributionSettings+Equatable.swift"; sourceTree = "<group>"; };
		CD9BF729289EB34600F75DE6 /* ContributionViewModelData+Equatable.swift */ = {isa = PBXFileReference; lastKnownFileType = sourcecode.swift; path = "ContributionViewModelData+Equatable.swift"; sourceTree = "<group>"; };
		CD9D1D5728B92CEB0023A8D1 /* PlatformContainer.swift */ = {isa = PBXFileReference; lastKnownFileType = sourcecode.swift; path = PlatformContainer.swift; sourceTree = "<group>"; };
		CDBC5B3328AC3146006CD13D /* DefaultStorage.swift */ = {isa = PBXFileReference; lastKnownFileType = sourcecode.swift; path = DefaultStorage.swift; sourceTree = "<group>"; };
		CDBC5B3628AC3159006CD13D /* Storage.swift */ = {isa = PBXFileReference; lastKnownFileType = sourcecode.swift; path = Storage.swift; sourceTree = "<group>"; };
		CDBC5B4D28AC5D46006CD13D /* ContributionMapper.swift */ = {isa = PBXFileReference; lastKnownFileType = sourcecode.swift; path = ContributionMapper.swift; sourceTree = "<group>"; };
		CDC48E5A2891B7360062ADE7 /* AddEditContributionView.swift */ = {isa = PBXFileReference; lastKnownFileType = sourcecode.swift; path = AddEditContributionView.swift; sourceTree = "<group>"; };
		CDC5BE5E2869D4DD00D035FA /* ContributionGraphView.swift */ = {isa = PBXFileReference; lastKnownFileType = sourcecode.swift; path = ContributionGraphView.swift; sourceTree = "<group>"; };
		CDC5BE672869DA3E00D035FA /* Date+Utils.swift */ = {isa = PBXFileReference; lastKnownFileType = sourcecode.swift; path = "Date+Utils.swift"; sourceTree = "<group>"; };
		CDC5BE6A2869DA8900D035FA /* DefaultContributionRepository.swift */ = {isa = PBXFileReference; lastKnownFileType = sourcecode.swift; path = DefaultContributionRepository.swift; sourceTree = "<group>"; };
		CDC5BE6D2869EECF00D035FA /* ContributionViewModel.swift */ = {isa = PBXFileReference; lastKnownFileType = sourcecode.swift; path = ContributionViewModel.swift; sourceTree = "<group>"; };
		CDC5BE712869F0AB00D035FA /* Contribution.swift */ = {isa = PBXFileReference; lastKnownFileType = sourcecode.swift; path = Contribution.swift; sourceTree = "<group>"; };
		CDC5BE732869F45400D035FA /* View+Alert.swift */ = {isa = PBXFileReference; lastKnownFileType = sourcecode.swift; path = "View+Alert.swift"; sourceTree = "<group>"; };
		CDD3A0F42868BA3500878A09 /* ContributionModel.xcdatamodel */ = {isa = PBXFileReference; lastKnownFileType = wrapper.xcdatamodel; path = ContributionModel.xcdatamodel; sourceTree = "<group>"; };
		CDD3A0F6286906E400878A09 /* View+isHidden.swift */ = {isa = PBXFileReference; lastKnownFileType = sourcecode.swift; path = "View+isHidden.swift"; sourceTree = "<group>"; };
/* End PBXFileReference section */

/* Begin PBXFrameworksBuildPhase section */
		CD538B452860C5C0004BA280 /* Frameworks */ = {
			isa = PBXFrameworksBuildPhase;
			buildActionMask = 2147483647;
			files = (
				CD0F621828A67A35001F8CD8 /* Factory in Frameworks */,
			);
			runOnlyForDeploymentPostprocessing = 0;
		};
		CD9BF6FE289C231700F75DE6 /* Frameworks */ = {
			isa = PBXFrameworksBuildPhase;
			buildActionMask = 2147483647;
			files = (
			);
			runOnlyForDeploymentPostprocessing = 0;
		};
/* End PBXFrameworksBuildPhase section */

/* Begin PBXGroup section */
		CD0F621928A67A6D001F8CD8 /* DI */ = {
			isa = PBXGroup;
			children = (
				CD0F621A28A67CDA001F8CD8 /* UIContainer.swift */,
				CD0F621C28A67D51001F8CD8 /* DomainContainer.swift */,
				CD0F621E28A67D5C001F8CD8 /* DataContainer.swift */,
				CD9D1D5728B92CEB0023A8D1 /* PlatformContainer.swift */,
			);
			path = DI;
			sourceTree = "<group>";
		};
		CD2FC9E228A03D4300F1424F /* ContributionMetrics */ = {
			isa = PBXGroup;
			children = (
				CD2FC9E328A03D5200F1424F /* GetContributionMetricsUseCase.swift */,
			);
			path = ContributionMetrics;
			sourceTree = "<group>";
		};
		CD51271B28BCC58500E93508 /* ContributionDetails */ = {
			isa = PBXGroup;
			children = (
				CD49109228BCDDBE00D1A421 /* GetContributionDetailsUseCase.swift */,
			);
			path = ContributionDetails;
			sourceTree = "<group>";
		};
		CD53600B28A2AF9C00B4EEE6 /* Common */ = {
			isa = PBXGroup;
			children = (
				CD53600C28A2AFAD00B4EEE6 /* LaunchSideEffect.swift */,
			);
			path = Common;
			sourceTree = "<group>";
		};
		CD53601428A306C500B4EEE6 /* AddContributionViewModel */ = {
			isa = PBXGroup;
			children = (
				CD53600E28A2F24400B4EEE6 /* AddEditContributionViewModelTests.swift */,
			);
			path = AddContributionViewModel;
			sourceTree = "<group>";
		};
		CD53601528A306F100B4EEE6 /* ContributionViewModel */ = {
			isa = PBXGroup;
			children = (
				CD9BF703289C231700F75DE6 /* ContributionViewModelTests.swift */,
				CD9BF729289EB34600F75DE6 /* ContributionViewModelData+Equatable.swift */,
			);
			path = ContributionViewModel;
			sourceTree = "<group>";
		};
		CD538B3F2860C5C0004BA280 = {
			isa = PBXGroup;
			children = (
				CD538B4A2860C5C0004BA280 /* ContributionGraph */,
				CD9BF702289C231700F75DE6 /* ContributionGraphTests */,
				CD538B492860C5C0004BA280 /* Products */,
			);
			sourceTree = "<group>";
		};
		CD538B492860C5C0004BA280 /* Products */ = {
			isa = PBXGroup;
			children = (
				CD538B482860C5C0004BA280 /* ContributionGraph.app */,
				CD9BF701289C231700F75DE6 /* ContributionGraphTests.xctest */,
			);
			name = Products;
			sourceTree = "<group>";
		};
		CD538B4A2860C5C0004BA280 /* ContributionGraph */ = {
			isa = PBXGroup;
			children = (
				CD0F621928A67A6D001F8CD8 /* DI */,
				CDBC5B3228AC30E9006CD13D /* Platform */,
				CDC5BE692869DA6200D035FA /* Data */,
				CDC5BE6F2869F08C00D035FA /* Domain */,
				CDC5BE602869D4E300D035FA /* UI */,
				CDC5BE652869DA1700D035FA /* Common */,
				CDD3A0F22868BA0900878A09 /* CoreData */,
				CD538B4B2860C5C0004BA280 /* ContributionGraphApp.swift */,
				CD538B4F2860C5C3004BA280 /* Assets.xcassets */,
				CD538B512860C5C3004BA280 /* Preview Content */,
			);
			path = ContributionGraph;
			sourceTree = "<group>";
		};
		CD538B512860C5C3004BA280 /* Preview Content */ = {
			isa = PBXGroup;
			children = (
				CD538B522860C5C3004BA280 /* Preview Assets.xcassets */,
			);
			path = "Preview Content";
			sourceTree = "<group>";
		};
		CD64EAAE28BA55AD00DA2B1E /* UseCase */ = {
			isa = PBXGroup;
			children = (
				CD64EAAF28BA566400DA2B1E /* Contribution */,
			);
			path = UseCase;
			sourceTree = "<group>";
		};
		CD64EAAF28BA566400DA2B1E /* Contribution */ = {
			isa = PBXGroup;
			children = (
				CD64EAB028BA568000DA2B1E /* UpdateNoteUseCaseTests.swift */,
				CD64EAB228BA5D0D00DA2B1E /* GetContributionUseCaseTests.swift */,
			);
			path = Contribution;
			sourceTree = "<group>";
		};
		CD64EAB428BA610800DA2B1E /* Data */ = {
			isa = PBXGroup;
			children = (
				CD64EAB528BA617B00DA2B1E /* DefaultContributionRepositoryTests.swift */,
				CD602BCE28BEB6B800E1A63C /* DefaultContributionDetailsRepositoryTests.swift */,
			);
			path = Data;
			sourceTree = "<group>";
		};
		CD84C1EB28C28F1200165C0F /* Common */ = {
			isa = PBXGroup;
			children = (
				CD84C1EE28C28F4E00165C0F /* ErrorView.swift */,
				CDC5BE732869F45400D035FA /* View+Alert.swift */,
			);
			path = Common;
			sourceTree = "<group>";
		};
		CD84C1F028C290DA00165C0F /* Contribution */ = {
			isa = PBXGroup;
			children = (
				CD84C1F128C290F000165C0F /* ContributionView.swift */,
			);
			path = Contribution;
			sourceTree = "<group>";
		};
		CD84C1F328C291B300165C0F /* AddEditContribution */ = {
			isa = PBXGroup;
			children = (
				CDC48E5A2891B7360062ADE7 /* AddEditContributionView.swift */,
			);
			path = AddEditContribution;
			sourceTree = "<group>";
		};
		CD9BF702289C231700F75DE6 /* ContributionGraphTests */ = {
			isa = PBXGroup;
			children = (
				CD8D9DA728C5320C00DF9A6E /* GeneratedMocks.swift */,
				CD64EAB428BA610800DA2B1E /* Data */,
				CD9BF723289EB27400F75DE6 /* Domain */,
				CD9BF70A289C234F00F75DE6 /* UI */,
				CD9BF711289D6E5E00F75DE6 /* Common */,
			);
			path = ContributionGraphTests;
			sourceTree = "<group>";
		};
		CD9BF70A289C234F00F75DE6 /* UI */ = {
			isa = PBXGroup;
			children = (
				CD9BF70B289C235A00F75DE6 /* ViewModel */,
			);
			path = UI;
			sourceTree = "<group>";
		};
		CD9BF70B289C235A00F75DE6 /* ViewModel */ = {
			isa = PBXGroup;
			children = (
				CD53601528A306F100B4EEE6 /* ContributionViewModel */,
				CD53601428A306C500B4EEE6 /* AddContributionViewModel */,
				CD602BCA28BE368B00E1A63C /* ViewModelState+Equatable.swift */,
			);
			path = ViewModel;
			sourceTree = "<group>";
		};
		CD9BF70C289C23F100F75DE6 /* Data */ = {
			isa = PBXGroup;
			children = (
				CD9BF70D289C262600F75DE6 /* ContributionRepository.swift */,
				CD49109428BCDECA00D1A421 /* ContributionDetailsRepository.swift */,
			);
			path = Data;
			sourceTree = "<group>";
		};
		CD9BF711289D6E5E00F75DE6 /* Common */ = {
			isa = PBXGroup;
			children = (
				CD9BF70F289D6A9100F75DE6 /* TestError.swift */,
				CD9BF712289D6E6E00F75DE6 /* XCTestCase+Await.swift */,
				CD3052D828B59306000BE787 /* Answer.swift */,
			);
			path = Common;
			sourceTree = "<group>";
		};
		CD9BF716289D9C2900F75DE6 /* UseCase */ = {
			isa = PBXGroup;
			children = (
				CD51271B28BCC58500E93508 /* ContributionDetails */,
				CD2FC9E228A03D4300F1424F /* ContributionMetrics */,
				CD9BF722289EAA1200F75DE6 /* ContributionSettings */,
				CD9BF721289EAA0A00F75DE6 /* Contribution */,
			);
			path = UseCase;
			sourceTree = "<group>";
		};
		CD9BF721289EAA0A00F75DE6 /* Contribution */ = {
			isa = PBXGroup;
			children = (
				CD9BF719289D9F2D00F75DE6 /* GetContributionUseCase.swift */,
				CD53600928A196AD00B4EEE6 /* UpdateNoteUseCase.swift */,
			);
			path = Contribution;
			sourceTree = "<group>";
		};
		CD9BF722289EAA1200F75DE6 /* ContributionSettings */ = {
			isa = PBXGroup;
			children = (
				CD9BF71B289D9F5000F75DE6 /* GetContributionSettingsUseCase.swift */,
				CD9BF71F289DA1AB00F75DE6 /* SetContributionSettingsUseCase.swift */,
			);
			path = ContributionSettings;
			sourceTree = "<group>";
		};
		CD9BF723289EB27400F75DE6 /* Domain */ = {
			isa = PBXGroup;
			children = (
				CD64EAAE28BA55AD00DA2B1E /* UseCase */,
				CD9BF724289EB27A00F75DE6 /* Entity */,
			);
			path = Domain;
			sourceTree = "<group>";
		};
		CD9BF724289EB27A00F75DE6 /* Entity */ = {
			isa = PBXGroup;
			children = (
				CD9BF725289EB2BA00F75DE6 /* ContributionItem+Equatable.swift */,
				CD9BF727289EB2D200F75DE6 /* ContributionSettings+Equatable.swift */,
				CD51271928BC108100E93508 /* Contribution+Init.swift */,
				CD84C1E928C258C100165C0F /* ContributionNote+Init.swift */,
			);
			path = Entity;
			sourceTree = "<group>";
		};
		CDBC5B3228AC30E9006CD13D /* Platform */ = {
			isa = PBXGroup;
			children = (
				CDBC5B3328AC3146006CD13D /* DefaultStorage.swift */,
			);
			path = Platform;
			sourceTree = "<group>";
		};
		CDBC5B3528AC314F006CD13D /* Platform */ = {
			isa = PBXGroup;
			children = (
				CDBC5B3628AC3159006CD13D /* Storage.swift */,
			);
			path = Platform;
			sourceTree = "<group>";
		};
		CDBC5B4A28AC5CFC006CD13D /* Mapper */ = {
			isa = PBXGroup;
			children = (
				CDBC5B4D28AC5D46006CD13D /* ContributionMapper.swift */,
				CD602BC628BE196800E1A63C /* ContributionDetailsMapper.swift */,
				CD602BC828BE1C2200E1A63C /* ContributionNoteMapper.swift */,
			);
			path = Mapper;
			sourceTree = "<group>";
		};
		CDC5BE602869D4E300D035FA /* UI */ = {
			isa = PBXGroup;
			children = (
				CD53600B28A2AF9C00B4EEE6 /* Common */,
				CDC5BE6C2869EEA300D035FA /* ViewModel */,
				CDC5BE642869D9FD00D035FA /* Utils */,
				CDC5BE632869D50300D035FA /* View */,
			);
			path = UI;
			sourceTree = "<group>";
		};
		CDC5BE632869D50300D035FA /* View */ = {
			isa = PBXGroup;
			children = (
				CD84C1F328C291B300165C0F /* AddEditContribution */,
				CD84C1EB28C28F1200165C0F /* Common */,
				CD84C1F028C290DA00165C0F /* Contribution */,
				CDC5BE75286FA2AB00D035FA /* ContributionGraph */,
				CD538B4D2860C5C0004BA280 /* ContentView.swift */,
			);
			path = View;
			sourceTree = "<group>";
		};
		CDC5BE642869D9FD00D035FA /* Utils */ = {
			isa = PBXGroup;
			children = (
				CD728B1D2866623800221B6E /* Color+Init.swift */,
				CD728B1B2866602300221B6E /* UIColor+Init.swift */,
				CD728B1F2866625C00221B6E /* View+foregroundColor.swift */,
				CDD3A0F6286906E400878A09 /* View+isHidden.swift */,
			);
			path = Utils;
			sourceTree = "<group>";
		};
		CDC5BE652869DA1700D035FA /* Common */ = {
			isa = PBXGroup;
			children = (
				CDC5BE672869DA3E00D035FA /* Date+Utils.swift */,
			);
			path = Common;
			sourceTree = "<group>";
		};
		CDC5BE692869DA6200D035FA /* Data */ = {
			isa = PBXGroup;
			children = (
				CDBC5B4A28AC5CFC006CD13D /* Mapper */,
				CDBC5B3528AC314F006CD13D /* Platform */,
				CDC5BE6A2869DA8900D035FA /* DefaultContributionRepository.swift */,
				CD49109628BCDF0100D1A421 /* DefaultContributionDetailsRepository.swift */,
			);
			path = Data;
			sourceTree = "<group>";
		};
		CDC5BE6C2869EEA300D035FA /* ViewModel */ = {
			isa = PBXGroup;
			children = (
				CDC5BE6D2869EECF00D035FA /* ContributionViewModel.swift */,
				CD53600728A18DFD00B4EEE6 /* AddEditContributionViewModel.swift */,
				CD49109028BCDA1E00D1A421 /* ViewModelState.swift */,
			);
			path = ViewModel;
			sourceTree = "<group>";
		};
		CDC5BE6F2869F08C00D035FA /* Domain */ = {
			isa = PBXGroup;
			children = (
				CD9BF716289D9C2900F75DE6 /* UseCase */,
				CD9BF70C289C23F100F75DE6 /* Data */,
				CDC5BE702869F09600D035FA /* Entity */,
			);
			path = Domain;
			sourceTree = "<group>";
		};
		CDC5BE702869F09600D035FA /* Entity */ = {
			isa = PBXGroup;
			children = (
				CDC5BE712869F0AB00D035FA /* Contribution.swift */,
				CD9BF71D289DA11400F75DE6 /* ContributionSettings.swift */,
				CD2FC9E028A03CA600F1424F /* ContributionMetrics.swift */,
			);
			path = Entity;
			sourceTree = "<group>";
		};
		CDC5BE75286FA2AB00D035FA /* ContributionGraph */ = {
			isa = PBXGroup;
			children = (
				CDC5BE5E2869D4DD00D035FA /* ContributionGraphView.swift */,
			);
			path = ContributionGraph;
			sourceTree = "<group>";
		};
		CDD3A0F22868BA0900878A09 /* CoreData */ = {
			isa = PBXGroup;
			children = (
				CDD3A0F32868BA3500878A09 /* ContributionModel.xcdatamodeld */,
			);
			path = CoreData;
			sourceTree = "<group>";
		};
/* End PBXGroup section */

/* Begin PBXNativeTarget section */
		CD538B472860C5C0004BA280 /* ContributionGraph */ = {
			isa = PBXNativeTarget;
			buildConfigurationList = CD538B562860C5C3004BA280 /* Build configuration list for PBXNativeTarget "ContributionGraph" */;
			buildPhases = (
				CDD950A728C0127F0071516B /* Swiftlint */,
				CD538B442860C5C0004BA280 /* Sources */,
				CD538B452860C5C0004BA280 /* Frameworks */,
				CD538B462860C5C0004BA280 /* Resources */,
			);
			buildRules = (
			);
			dependencies = (
			);
			name = ContributionGraph;
			packageProductDependencies = (
				CD0F621728A67A35001F8CD8 /* Factory */,
			);
			productName = ContributionGraph;
			productReference = CD538B482860C5C0004BA280 /* ContributionGraph.app */;
			productType = "com.apple.product-type.application";
		};
		CD9BF700289C231700F75DE6 /* ContributionGraphTests */ = {
			isa = PBXNativeTarget;
			buildConfigurationList = CD9BF709289C231700F75DE6 /* Build configuration list for PBXNativeTarget "ContributionGraphTests" */;
			buildPhases = (
				CD39214428C5261500E95E75 /* Mockolo */,
				CD9BF6FD289C231700F75DE6 /* Sources */,
				CD9BF6FE289C231700F75DE6 /* Frameworks */,
				CD9BF6FF289C231700F75DE6 /* Resources */,
			);
			buildRules = (
			);
			dependencies = (
				CD9BF706289C231700F75DE6 /* PBXTargetDependency */,
			);
			name = ContributionGraphTests;
			packageProductDependencies = (
			);
			productName = ContributionViewModelTests;
			productReference = CD9BF701289C231700F75DE6 /* ContributionGraphTests.xctest */;
			productType = "com.apple.product-type.bundle.unit-test";
		};
/* End PBXNativeTarget section */

/* Begin PBXProject section */
		CD538B402860C5C0004BA280 /* Project object */ = {
			isa = PBXProject;
			attributes = {
				BuildIndependentTargetsInParallel = 1;
				LastSwiftUpdateCheck = 1340;
				LastUpgradeCheck = 1340;
				TargetAttributes = {
					CD538B472860C5C0004BA280 = {
						CreatedOnToolsVersion = 13.4.1;
					};
					CD9BF700289C231700F75DE6 = {
						CreatedOnToolsVersion = 13.4.1;
						TestTargetID = CD538B472860C5C0004BA280;
					};
				};
			};
			buildConfigurationList = CD538B432860C5C0004BA280 /* Build configuration list for PBXProject "ContributionGraph" */;
			compatibilityVersion = "Xcode 13.0";
			developmentRegion = en;
			hasScannedForEncodings = 0;
			knownRegions = (
				en,
				Base,
			);
			mainGroup = CD538B3F2860C5C0004BA280;
			packageReferences = (
				CD0F621628A67A35001F8CD8 /* XCRemoteSwiftPackageReference "Factory" */,
			);
			productRefGroup = CD538B492860C5C0004BA280 /* Products */;
			projectDirPath = "";
			projectRoot = "";
			targets = (
				CD538B472860C5C0004BA280 /* ContributionGraph */,
				CD9BF700289C231700F75DE6 /* ContributionGraphTests */,
			);
		};
/* End PBXProject section */

/* Begin PBXResourcesBuildPhase section */
		CD538B462860C5C0004BA280 /* Resources */ = {
			isa = PBXResourcesBuildPhase;
			buildActionMask = 2147483647;
			files = (
				CD538B532860C5C3004BA280 /* Preview Assets.xcassets in Resources */,
				CD538B502860C5C3004BA280 /* Assets.xcassets in Resources */,
			);
			runOnlyForDeploymentPostprocessing = 0;
		};
		CD9BF6FF289C231700F75DE6 /* Resources */ = {
			isa = PBXResourcesBuildPhase;
			buildActionMask = 2147483647;
			files = (
			);
			runOnlyForDeploymentPostprocessing = 0;
		};
/* End PBXResourcesBuildPhase section */

/* Begin PBXShellScriptBuildPhase section */
		CD39214428C5261500E95E75 /* Mockolo */ = {
			isa = PBXShellScriptBuildPhase;
			buildActionMask = 2147483647;
			files = (
			);
			inputFileListPaths = (
			);
			inputPaths = (
			);
			name = Mockolo;
			outputFileListPaths = (
			);
			outputPaths = (
			);
			runOnlyForDeploymentPostprocessing = 0;
			shellPath = /bin/sh;
			shellScript = "if which mockolo > /dev/null; then\n  mockolo -s ${PROJECT_NAME} -d ContributionGraphTests/GeneratedMocks.swift --header \"@testable import ${PROJECT_NAME}\"\nfi\n";
		};
		CDD950A728C0127F0071516B /* Swiftlint */ = {
			isa = PBXShellScriptBuildPhase;
			buildActionMask = 2147483647;
			files = (
			);
			inputFileListPaths = (
			);
			inputPaths = (
			);
			name = Swiftlint;
			outputFileListPaths = (
			);
			outputPaths = (
			);
			runOnlyForDeploymentPostprocessing = 0;
			shellPath = /bin/sh;
			shellScript = "if which swiftlint > /dev/null; then\n  swiftlint\nelse\n  echo \"warning: SwiftLint not installed, download from https://github.com/realm/SwiftLint\"\nfi\n";
		};
/* End PBXShellScriptBuildPhase section */

/* Begin PBXSourcesBuildPhase section */
		CD538B442860C5C0004BA280 /* Sources */ = {
			isa = PBXSourcesBuildPhase;
			buildActionMask = 2147483647;
			files = (
				CD49109728BCDF0100D1A421 /* DefaultContributionDetailsRepository.swift in Sources */,
				CD538B4E2860C5C0004BA280 /* ContentView.swift in Sources */,
				CD49109328BCDDBE00D1A421 /* GetContributionDetailsUseCase.swift in Sources */,
				CDBC5B3428AC3146006CD13D /* DefaultStorage.swift in Sources */,
				CDC5BE682869DA3E00D035FA /* Date+Utils.swift in Sources */,
				CD728B1E2866623800221B6E /* Color+Init.swift in Sources */,
				CD9BF71A289D9F2D00F75DE6 /* GetContributionUseCase.swift in Sources */,
				CDC5BE6B2869DA8900D035FA /* DefaultContributionRepository.swift in Sources */,
				CD602BC928BE1C2200E1A63C /* ContributionNoteMapper.swift in Sources */,
				CDC5BE722869F0AB00D035FA /* Contribution.swift in Sources */,
				CD0F621D28A67D51001F8CD8 /* DomainContainer.swift in Sources */,
				CD53600A28A196AD00B4EEE6 /* UpdateNoteUseCase.swift in Sources */,
				CDD3A0F7286906E400878A09 /* View+isHidden.swift in Sources */,
				CD84C1EF28C28F4E00165C0F /* ErrorView.swift in Sources */,
				CDC5BE5F2869D4DD00D035FA /* ContributionGraphView.swift in Sources */,
				CD9BF71C289D9F5000F75DE6 /* GetContributionSettingsUseCase.swift in Sources */,
				CD728B1C2866602300221B6E /* UIColor+Init.swift in Sources */,
				CD9BF70E289C262600F75DE6 /* ContributionRepository.swift in Sources */,
				CD602BC728BE196800E1A63C /* ContributionDetailsMapper.swift in Sources */,
				CD84C1F228C290F000165C0F /* ContributionView.swift in Sources */,
				CD53600D28A2AFAD00B4EEE6 /* LaunchSideEffect.swift in Sources */,
				CD9BF71E289DA11400F75DE6 /* ContributionSettings.swift in Sources */,
				CD9BF720289DA1AB00F75DE6 /* SetContributionSettingsUseCase.swift in Sources */,
				CDC5BE742869F45400D035FA /* View+Alert.swift in Sources */,
				CD0F621B28A67CDA001F8CD8 /* UIContainer.swift in Sources */,
				CD53600828A18DFD00B4EEE6 /* AddEditContributionViewModel.swift in Sources */,
				CD538B4C2860C5C0004BA280 /* ContributionGraphApp.swift in Sources */,
				CD2FC9E428A03D5200F1424F /* GetContributionMetricsUseCase.swift in Sources */,
				CD49109128BCDA1E00D1A421 /* ViewModelState.swift in Sources */,
				CD49109528BCDECA00D1A421 /* ContributionDetailsRepository.swift in Sources */,
				CDBC5B4E28AC5D46006CD13D /* ContributionMapper.swift in Sources */,
				CD9D1D5828B92CEB0023A8D1 /* PlatformContainer.swift in Sources */,
				CD2FC9E128A03CA600F1424F /* ContributionMetrics.swift in Sources */,
				CD0F621F28A67D5C001F8CD8 /* DataContainer.swift in Sources */,
				CD728B202866625C00221B6E /* View+foregroundColor.swift in Sources */,
				CDC5BE6E2869EECF00D035FA /* ContributionViewModel.swift in Sources */,
				CDD3A0F52868BA3500878A09 /* ContributionModel.xcdatamodeld in Sources */,
				CDC48E5B2891B7360062ADE7 /* AddEditContributionView.swift in Sources */,
				CDBC5B3728AC3159006CD13D /* Storage.swift in Sources */,
			);
			runOnlyForDeploymentPostprocessing = 0;
		};
		CD9BF6FD289C231700F75DE6 /* Sources */ = {
			isa = PBXSourcesBuildPhase;
			buildActionMask = 2147483647;
			files = (
				CD9BF715289D6F5A00F75DE6 /* TestError.swift in Sources */,
				CD51271A28BC108100E93508 /* Contribution+Init.swift in Sources */,
				CD64EAB328BA5D0D00DA2B1E /* GetContributionUseCaseTests.swift in Sources */,
				CD9BF704289C231700F75DE6 /* ContributionViewModelTests.swift in Sources */,
				CD64EAB628BA617B00DA2B1E /* DefaultContributionRepositoryTests.swift in Sources */,
				CD9BF728289EB2D200F75DE6 /* ContributionSettings+Equatable.swift in Sources */,
				CD64EAB128BA568000DA2B1E /* UpdateNoteUseCaseTests.swift in Sources */,
				CD602BCF28BEB6B800E1A63C /* DefaultContributionDetailsRepositoryTests.swift in Sources */,
				CD9BF72A289EB34600F75DE6 /* ContributionViewModelData+Equatable.swift in Sources */,
				CD9BF726289EB2BA00F75DE6 /* ContributionItem+Equatable.swift in Sources */,
				CD53601028A3049100B4EEE6 /* AddEditContributionViewModelTests.swift in Sources */,
				CD8D9DA828C5320C00DF9A6E /* GeneratedMocks.swift in Sources */,
				CD3052D928B59306000BE787 /* Answer.swift in Sources */,
				CD9BF714289D6F5000F75DE6 /* XCTestCase+Await.swift in Sources */,
				CD602BCB28BE368B00E1A63C /* ViewModelState+Equatable.swift in Sources */,
				CD84C1EA28C258C100165C0F /* ContributionNote+Init.swift in Sources */,
			);
			runOnlyForDeploymentPostprocessing = 0;
		};
/* End PBXSourcesBuildPhase section */

/* Begin PBXTargetDependency section */
		CD9BF706289C231700F75DE6 /* PBXTargetDependency */ = {
			isa = PBXTargetDependency;
			target = CD538B472860C5C0004BA280 /* ContributionGraph */;
			targetProxy = CD9BF705289C231700F75DE6 /* PBXContainerItemProxy */;
		};
/* End PBXTargetDependency section */

/* Begin XCBuildConfiguration section */
		CD538B542860C5C3004BA280 /* Debug */ = {
			isa = XCBuildConfiguration;
			buildSettings = {
				ALWAYS_SEARCH_USER_PATHS = NO;
				CLANG_ANALYZER_NONNULL = YES;
				CLANG_ANALYZER_NUMBER_OBJECT_CONVERSION = YES_AGGRESSIVE;
				CLANG_CXX_LANGUAGE_STANDARD = "gnu++17";
				CLANG_ENABLE_MODULES = YES;
				CLANG_ENABLE_OBJC_ARC = YES;
				CLANG_ENABLE_OBJC_WEAK = YES;
				CLANG_WARN_BLOCK_CAPTURE_AUTORELEASING = YES;
				CLANG_WARN_BOOL_CONVERSION = YES;
				CLANG_WARN_COMMA = YES;
				CLANG_WARN_CONSTANT_CONVERSION = YES;
				CLANG_WARN_DEPRECATED_OBJC_IMPLEMENTATIONS = YES;
				CLANG_WARN_DIRECT_OBJC_ISA_USAGE = YES_ERROR;
				CLANG_WARN_DOCUMENTATION_COMMENTS = YES;
				CLANG_WARN_EMPTY_BODY = YES;
				CLANG_WARN_ENUM_CONVERSION = YES;
				CLANG_WARN_INFINITE_RECURSION = YES;
				CLANG_WARN_INT_CONVERSION = YES;
				CLANG_WARN_NON_LITERAL_NULL_CONVERSION = YES;
				CLANG_WARN_OBJC_IMPLICIT_RETAIN_SELF = YES;
				CLANG_WARN_OBJC_LITERAL_CONVERSION = YES;
				CLANG_WARN_OBJC_ROOT_CLASS = YES_ERROR;
				CLANG_WARN_QUOTED_INCLUDE_IN_FRAMEWORK_HEADER = YES;
				CLANG_WARN_RANGE_LOOP_ANALYSIS = YES;
				CLANG_WARN_STRICT_PROTOTYPES = YES;
				CLANG_WARN_SUSPICIOUS_MOVE = YES;
				CLANG_WARN_UNGUARDED_AVAILABILITY = YES_AGGRESSIVE;
				CLANG_WARN_UNREACHABLE_CODE = YES;
				CLANG_WARN__DUPLICATE_METHOD_MATCH = YES;
				COPY_PHASE_STRIP = NO;
				DEBUG_INFORMATION_FORMAT = dwarf;
				ENABLE_STRICT_OBJC_MSGSEND = YES;
				ENABLE_TESTABILITY = YES;
				GCC_C_LANGUAGE_STANDARD = gnu11;
				GCC_DYNAMIC_NO_PIC = NO;
				GCC_NO_COMMON_BLOCKS = YES;
				GCC_OPTIMIZATION_LEVEL = 0;
				GCC_PREPROCESSOR_DEFINITIONS = (
					"DEBUG=1",
					"$(inherited)",
				);
				GCC_WARN_64_TO_32_BIT_CONVERSION = YES;
				GCC_WARN_ABOUT_RETURN_TYPE = YES_ERROR;
				GCC_WARN_UNDECLARED_SELECTOR = YES;
				GCC_WARN_UNINITIALIZED_AUTOS = YES_AGGRESSIVE;
				GCC_WARN_UNUSED_FUNCTION = YES;
				GCC_WARN_UNUSED_VARIABLE = YES;
				IPHONEOS_DEPLOYMENT_TARGET = 15.5;
				MTL_ENABLE_DEBUG_INFO = INCLUDE_SOURCE;
				MTL_FAST_MATH = YES;
				ONLY_ACTIVE_ARCH = YES;
				SDKROOT = iphoneos;
				SWIFT_ACTIVE_COMPILATION_CONDITIONS = DEBUG;
				SWIFT_OPTIMIZATION_LEVEL = "-Onone";
			};
			name = Debug;
		};
		CD538B552860C5C3004BA280 /* Release */ = {
			isa = XCBuildConfiguration;
			buildSettings = {
				ALWAYS_SEARCH_USER_PATHS = NO;
				CLANG_ANALYZER_NONNULL = YES;
				CLANG_ANALYZER_NUMBER_OBJECT_CONVERSION = YES_AGGRESSIVE;
				CLANG_CXX_LANGUAGE_STANDARD = "gnu++17";
				CLANG_ENABLE_MODULES = YES;
				CLANG_ENABLE_OBJC_ARC = YES;
				CLANG_ENABLE_OBJC_WEAK = YES;
				CLANG_WARN_BLOCK_CAPTURE_AUTORELEASING = YES;
				CLANG_WARN_BOOL_CONVERSION = YES;
				CLANG_WARN_COMMA = YES;
				CLANG_WARN_CONSTANT_CONVERSION = YES;
				CLANG_WARN_DEPRECATED_OBJC_IMPLEMENTATIONS = YES;
				CLANG_WARN_DIRECT_OBJC_ISA_USAGE = YES_ERROR;
				CLANG_WARN_DOCUMENTATION_COMMENTS = YES;
				CLANG_WARN_EMPTY_BODY = YES;
				CLANG_WARN_ENUM_CONVERSION = YES;
				CLANG_WARN_INFINITE_RECURSION = YES;
				CLANG_WARN_INT_CONVERSION = YES;
				CLANG_WARN_NON_LITERAL_NULL_CONVERSION = YES;
				CLANG_WARN_OBJC_IMPLICIT_RETAIN_SELF = YES;
				CLANG_WARN_OBJC_LITERAL_CONVERSION = YES;
				CLANG_WARN_OBJC_ROOT_CLASS = YES_ERROR;
				CLANG_WARN_QUOTED_INCLUDE_IN_FRAMEWORK_HEADER = YES;
				CLANG_WARN_RANGE_LOOP_ANALYSIS = YES;
				CLANG_WARN_STRICT_PROTOTYPES = YES;
				CLANG_WARN_SUSPICIOUS_MOVE = YES;
				CLANG_WARN_UNGUARDED_AVAILABILITY = YES_AGGRESSIVE;
				CLANG_WARN_UNREACHABLE_CODE = YES;
				CLANG_WARN__DUPLICATE_METHOD_MATCH = YES;
				COPY_PHASE_STRIP = NO;
				DEBUG_INFORMATION_FORMAT = "dwarf-with-dsym";
				ENABLE_NS_ASSERTIONS = NO;
				ENABLE_STRICT_OBJC_MSGSEND = YES;
				GCC_C_LANGUAGE_STANDARD = gnu11;
				GCC_NO_COMMON_BLOCKS = YES;
				GCC_WARN_64_TO_32_BIT_CONVERSION = YES;
				GCC_WARN_ABOUT_RETURN_TYPE = YES_ERROR;
				GCC_WARN_UNDECLARED_SELECTOR = YES;
				GCC_WARN_UNINITIALIZED_AUTOS = YES_AGGRESSIVE;
				GCC_WARN_UNUSED_FUNCTION = YES;
				GCC_WARN_UNUSED_VARIABLE = YES;
				IPHONEOS_DEPLOYMENT_TARGET = 15.5;
				MTL_ENABLE_DEBUG_INFO = NO;
				MTL_FAST_MATH = YES;
				SDKROOT = iphoneos;
				SWIFT_COMPILATION_MODE = wholemodule;
				SWIFT_OPTIMIZATION_LEVEL = "-O";
				VALIDATE_PRODUCT = YES;
			};
			name = Release;
		};
		CD538B572860C5C3004BA280 /* Debug */ = {
			isa = XCBuildConfiguration;
			buildSettings = {
				ASSETCATALOG_COMPILER_APPICON_NAME = AppIcon;
				ASSETCATALOG_COMPILER_GLOBAL_ACCENT_COLOR_NAME = AccentColor;
				CODE_SIGN_STYLE = Automatic;
				CURRENT_PROJECT_VERSION = 1;
				DEVELOPMENT_ASSET_PATHS = "\"ContributionGraph/Preview Content\"";
				DEVELOPMENT_TEAM = 6894A8BA33;
				ENABLE_PREVIEWS = YES;
				GENERATE_INFOPLIST_FILE = YES;
				INFOPLIST_KEY_UIApplicationSceneManifest_Generation = YES;
				INFOPLIST_KEY_UIApplicationSupportsIndirectInputEvents = YES;
				INFOPLIST_KEY_UILaunchScreen_Generation = YES;
				INFOPLIST_KEY_UISupportedInterfaceOrientations_iPad = "UIInterfaceOrientationPortrait UIInterfaceOrientationPortraitUpsideDown UIInterfaceOrientationLandscapeLeft UIInterfaceOrientationLandscapeRight";
				INFOPLIST_KEY_UISupportedInterfaceOrientations_iPhone = "UIInterfaceOrientationPortrait UIInterfaceOrientationLandscapeLeft UIInterfaceOrientationLandscapeRight";
				LD_RUNPATH_SEARCH_PATHS = (
					"$(inherited)",
					"@executable_path/Frameworks",
				);
				MARKETING_VERSION = 1.0;
				PRODUCT_BUNDLE_IDENTIFIER = somecompany.ContributionGraph;
				PRODUCT_NAME = "$(TARGET_NAME)";
				SWIFT_EMIT_LOC_STRINGS = YES;
				SWIFT_VERSION = 5.0;
				TARGETED_DEVICE_FAMILY = "1,2";
			};
			name = Debug;
		};
		CD538B582860C5C3004BA280 /* Release */ = {
			isa = XCBuildConfiguration;
			buildSettings = {
				ASSETCATALOG_COMPILER_APPICON_NAME = AppIcon;
				ASSETCATALOG_COMPILER_GLOBAL_ACCENT_COLOR_NAME = AccentColor;
				CODE_SIGN_STYLE = Automatic;
				CURRENT_PROJECT_VERSION = 1;
				DEVELOPMENT_ASSET_PATHS = "\"ContributionGraph/Preview Content\"";
				DEVELOPMENT_TEAM = 6894A8BA33;
				ENABLE_PREVIEWS = YES;
				GENERATE_INFOPLIST_FILE = YES;
				INFOPLIST_KEY_UIApplicationSceneManifest_Generation = YES;
				INFOPLIST_KEY_UIApplicationSupportsIndirectInputEvents = YES;
				INFOPLIST_KEY_UILaunchScreen_Generation = YES;
				INFOPLIST_KEY_UISupportedInterfaceOrientations_iPad = "UIInterfaceOrientationPortrait UIInterfaceOrientationPortraitUpsideDown UIInterfaceOrientationLandscapeLeft UIInterfaceOrientationLandscapeRight";
				INFOPLIST_KEY_UISupportedInterfaceOrientations_iPhone = "UIInterfaceOrientationPortrait UIInterfaceOrientationLandscapeLeft UIInterfaceOrientationLandscapeRight";
				LD_RUNPATH_SEARCH_PATHS = (
					"$(inherited)",
					"@executable_path/Frameworks",
				);
				MARKETING_VERSION = 1.0;
				PRODUCT_BUNDLE_IDENTIFIER = somecompany.ContributionGraph;
				PRODUCT_NAME = "$(TARGET_NAME)";
				SWIFT_EMIT_LOC_STRINGS = YES;
				SWIFT_VERSION = 5.0;
				TARGETED_DEVICE_FAMILY = "1,2";
			};
			name = Release;
		};
		CD9BF707289C231700F75DE6 /* Debug */ = {
			isa = XCBuildConfiguration;
			buildSettings = {
				BUNDLE_LOADER = "$(TEST_HOST)";
				CODE_SIGN_STYLE = Automatic;
				CURRENT_PROJECT_VERSION = 1;
				DEVELOPMENT_TEAM = 6894A8BA33;
				GENERATE_INFOPLIST_FILE = YES;
				MARKETING_VERSION = 1.0;
				PRODUCT_BUNDLE_IDENTIFIER = somecompany.ContributionViewModelTests;
				PRODUCT_NAME = "$(TARGET_NAME)";
				SWIFT_EMIT_LOC_STRINGS = NO;
				SWIFT_VERSION = 5.0;
				TARGETED_DEVICE_FAMILY = "1,2";
				TEST_HOST = "$(BUILT_PRODUCTS_DIR)/ContributionGraph.app/ContributionGraph";
			};
			name = Debug;
		};
		CD9BF708289C231700F75DE6 /* Release */ = {
			isa = XCBuildConfiguration;
			buildSettings = {
				BUNDLE_LOADER = "$(TEST_HOST)";
				CODE_SIGN_STYLE = Automatic;
				CURRENT_PROJECT_VERSION = 1;
				DEVELOPMENT_TEAM = 6894A8BA33;
				GENERATE_INFOPLIST_FILE = YES;
				MARKETING_VERSION = 1.0;
				PRODUCT_BUNDLE_IDENTIFIER = somecompany.ContributionViewModelTests;
				PRODUCT_NAME = "$(TARGET_NAME)";
				SWIFT_EMIT_LOC_STRINGS = NO;
				SWIFT_VERSION = 5.0;
				TARGETED_DEVICE_FAMILY = "1,2";
				TEST_HOST = "$(BUILT_PRODUCTS_DIR)/ContributionGraph.app/ContributionGraph";
			};
			name = Release;
		};
/* End XCBuildConfiguration section */

/* Begin XCConfigurationList section */
		CD538B432860C5C0004BA280 /* Build configuration list for PBXProject "ContributionGraph" */ = {
			isa = XCConfigurationList;
			buildConfigurations = (
				CD538B542860C5C3004BA280 /* Debug */,
				CD538B552860C5C3004BA280 /* Release */,
			);
			defaultConfigurationIsVisible = 0;
			defaultConfigurationName = Release;
		};
		CD538B562860C5C3004BA280 /* Build configuration list for PBXNativeTarget "ContributionGraph" */ = {
			isa = XCConfigurationList;
			buildConfigurations = (
				CD538B572860C5C3004BA280 /* Debug */,
				CD538B582860C5C3004BA280 /* Release */,
			);
			defaultConfigurationIsVisible = 0;
			defaultConfigurationName = Release;
		};
		CD9BF709289C231700F75DE6 /* Build configuration list for PBXNativeTarget "ContributionGraphTests" */ = {
			isa = XCConfigurationList;
			buildConfigurations = (
				CD9BF707289C231700F75DE6 /* Debug */,
				CD9BF708289C231700F75DE6 /* Release */,
			);
			defaultConfigurationIsVisible = 0;
			defaultConfigurationName = Release;
		};
/* End XCConfigurationList section */

/* Begin XCRemoteSwiftPackageReference section */
		CD0F621628A67A35001F8CD8 /* XCRemoteSwiftPackageReference "Factory" */ = {
			isa = XCRemoteSwiftPackageReference;
			repositoryURL = "https://github.com/hmlongco/Factory";
			requirement = {
				kind = upToNextMajorVersion;
				minimumVersion = 1.0.0;
			};
		};
/* End XCRemoteSwiftPackageReference section */

/* Begin XCSwiftPackageProductDependency section */
		CD0F621728A67A35001F8CD8 /* Factory */ = {
			isa = XCSwiftPackageProductDependency;
			package = CD0F621628A67A35001F8CD8 /* XCRemoteSwiftPackageReference "Factory" */;
			productName = Factory;
		};
/* End XCSwiftPackageProductDependency section */

/* Begin XCVersionGroup section */
		CDD3A0F32868BA3500878A09 /* ContributionModel.xcdatamodeld */ = {
			isa = XCVersionGroup;
			children = (
				CDD3A0F42868BA3500878A09 /* ContributionModel.xcdatamodel */,
			);
			currentVersion = CDD3A0F42868BA3500878A09 /* ContributionModel.xcdatamodel */;
			path = ContributionModel.xcdatamodeld;
			sourceTree = "<group>";
			versionGroupType = wrapper.xcdatamodel;
		};
/* End XCVersionGroup section */
	};
	rootObject = CD538B402860C5C0004BA280 /* Project object */;
}
